// !$*UTF8*$!
{
	archiveVersion = 1;
	classes = {
	};
	objectVersion = 46;
	objects = {

/* Begin PBXBuildFile section */
		588561651A27E16A0090B284 /* main.m in Sources */ = {isa = PBXBuildFile; fileRef = 588561641A27E16A0090B284 /* main.m */; };
		588561681A27E16A0090B284 /* AppDelegate.m in Sources */ = {isa = PBXBuildFile; fileRef = 588561671A27E16A0090B284 /* AppDelegate.m */; };
		5885616E1A27E16A0090B284 /* Main.storyboard in Resources */ = {isa = PBXBuildFile; fileRef = 5885616C1A27E16A0090B284 /* Main.storyboard */; };
		588561701A27E16A0090B284 /* Images.xcassets in Resources */ = {isa = PBXBuildFile; fileRef = 5885616F1A27E16A0090B284 /* Images.xcassets */; };
		588561731A27E16A0090B284 /* LaunchScreen.xib in Resources */ = {isa = PBXBuildFile; fileRef = 588561711A27E16A0090B284 /* LaunchScreen.xib */; };
		5885617F1A27E16A0090B284 /* JackpotTests.m in Sources */ = {isa = PBXBuildFile; fileRef = 5885617E1A27E16A0090B284 /* JackpotTests.m */; };
		5885618A1A27E1D50090B284 /* MyScene.m in Sources */ = {isa = PBXBuildFile; fileRef = 588561891A27E1D50090B284 /* MyScene.m */; };
		588561911A27E2410090B284 /* BaseViewController.m in Sources */ = {isa = PBXBuildFile; fileRef = 588561901A27E2410090B284 /* BaseViewController.m */; };
		588561951A27E26C0090B284 /* MainViewController.m in Sources */ = {isa = PBXBuildFile; fileRef = 588561941A27E26C0090B284 /* MainViewController.m */; };
		588561991A27E5820090B284 /* Utils.m in Sources */ = {isa = PBXBuildFile; fileRef = 588561981A27E5820090B284 /* Utils.m */; };
		5885619D1A27E5B90090B284 /* Constant.m in Sources */ = {isa = PBXBuildFile; fileRef = 5885619C1A27E5B90090B284 /* Constant.m */; };
/* End PBXBuildFile section */

/* Begin PBXContainerItemProxy section */
		588561791A27E16A0090B284 /* PBXContainerItemProxy */ = {
			isa = PBXContainerItemProxy;
			containerPortal = 588561571A27E1690090B284 /* Project object */;
			proxyType = 1;
			remoteGlobalIDString = 5885615E1A27E1690090B284;
			remoteInfo = Jackpot;
		};
/* End PBXContainerItemProxy section */

/* Begin PBXFileReference section */
		5885615F1A27E1690090B284 /* Jackpot.app */ = {isa = PBXFileReference; explicitFileType = wrapper.application; includeInIndex = 0; path = Jackpot.app; sourceTree = BUILT_PRODUCTS_DIR; };
		588561631A27E16A0090B284 /* Info.plist */ = {isa = PBXFileReference; lastKnownFileType = text.plist.xml; path = Info.plist; sourceTree = "<group>"; };
		588561641A27E16A0090B284 /* main.m */ = {isa = PBXFileReference; lastKnownFileType = sourcecode.c.objc; path = main.m; sourceTree = "<group>"; };
		588561661A27E16A0090B284 /* AppDelegate.h */ = {isa = PBXFileReference; lastKnownFileType = sourcecode.c.h; path = AppDelegate.h; sourceTree = "<group>"; };
		588561671A27E16A0090B284 /* AppDelegate.m */ = {isa = PBXFileReference; lastKnownFileType = sourcecode.c.objc; path = AppDelegate.m; sourceTree = "<group>"; };
		5885616D1A27E16A0090B284 /* Base */ = {isa = PBXFileReference; lastKnownFileType = file.storyboard; name = Base; path = Base.lproj/Main.storyboard; sourceTree = "<group>"; };
		5885616F1A27E16A0090B284 /* Images.xcassets */ = {isa = PBXFileReference; lastKnownFileType = folder.assetcatalog; path = Images.xcassets; sourceTree = "<group>"; };
		588561721A27E16A0090B284 /* Base */ = {isa = PBXFileReference; lastKnownFileType = file.xib; name = Base; path = Base.lproj/LaunchScreen.xib; sourceTree = "<group>"; };
		588561781A27E16A0090B284 /* JackpotTests.xctest */ = {isa = PBXFileReference; explicitFileType = wrapper.cfbundle; includeInIndex = 0; path = JackpotTests.xctest; sourceTree = BUILT_PRODUCTS_DIR; };
		5885617D1A27E16A0090B284 /* Info.plist */ = {isa = PBXFileReference; lastKnownFileType = text.plist.xml; path = Info.plist; sourceTree = "<group>"; };
		5885617E1A27E16A0090B284 /* JackpotTests.m */ = {isa = PBXFileReference; lastKnownFileType = sourcecode.c.objc; path = JackpotTests.m; sourceTree = "<group>"; };
		588561881A27E1D50090B284 /* MyScene.h */ = {isa = PBXFileReference; fileEncoding = 4; lastKnownFileType = sourcecode.c.h; name = MyScene.h; path = Scene/MyScene.h; sourceTree = "<group>"; };
		588561891A27E1D50090B284 /* MyScene.m */ = {isa = PBXFileReference; fileEncoding = 4; lastKnownFileType = sourcecode.c.objc; name = MyScene.m; path = Scene/MyScene.m; sourceTree = "<group>"; };
		5885618F1A27E2410090B284 /* BaseViewController.h */ = {isa = PBXFileReference; fileEncoding = 4; lastKnownFileType = sourcecode.c.h; name = BaseViewController.h; path = Controller/BaseViewController.h; sourceTree = "<group>"; };
		588561901A27E2410090B284 /* BaseViewController.m */ = {isa = PBXFileReference; fileEncoding = 4; lastKnownFileType = sourcecode.c.objc; name = BaseViewController.m; path = Controller/BaseViewController.m; sourceTree = "<group>"; };
		588561931A27E26C0090B284 /* MainViewController.h */ = {isa = PBXFileReference; fileEncoding = 4; lastKnownFileType = sourcecode.c.h; name = MainViewController.h; path = Controller/Main/MainViewController.h; sourceTree = "<group>"; };
		588561941A27E26C0090B284 /* MainViewController.m */ = {isa = PBXFileReference; fileEncoding = 4; lastKnownFileType = sourcecode.c.objc; name = MainViewController.m; path = Controller/Main/MainViewController.m; sourceTree = "<group>"; };
		588561971A27E5820090B284 /* Utils.h */ = {isa = PBXFileReference; fileEncoding = 4; lastKnownFileType = sourcecode.c.h; name = Utils.h; path = Other/Utils.h; sourceTree = "<group>"; };
		588561981A27E5820090B284 /* Utils.m */ = {isa = PBXFileReference; fileEncoding = 4; lastKnownFileType = sourcecode.c.objc; name = Utils.m; path = Other/Utils.m; sourceTree = "<group>"; };
		5885619B1A27E5B90090B284 /* Constant.h */ = {isa = PBXFileReference; fileEncoding = 4; lastKnownFileType = sourcecode.c.h; name = Constant.h; path = Other/Constant.h; sourceTree = "<group>"; };
		5885619C1A27E5B90090B284 /* Constant.m */ = {isa = PBXFileReference; fileEncoding = 4; lastKnownFileType = sourcecode.c.objc; name = Constant.m; path = Other/Constant.m; sourceTree = "<group>"; };
/* End PBXFileReference section */

/* Begin PBXFrameworksBuildPhase section */
		5885615C1A27E1690090B284 /* Frameworks */ = {
			isa = PBXFrameworksBuildPhase;
			buildActionMask = 2147483647;
			files = (
			);
			runOnlyForDeploymentPostprocessing = 0;
		};
		588561751A27E16A0090B284 /* Frameworks */ = {
			isa = PBXFrameworksBuildPhase;
			buildActionMask = 2147483647;
			files = (
			);
			runOnlyForDeploymentPostprocessing = 0;
		};
/* End PBXFrameworksBuildPhase section */

/* Begin PBXGroup section */
		588561561A27E1690090B284 = {
			isa = PBXGroup;
			children = (
				588561611A27E1690090B284 /* Jackpot */,
				5885617B1A27E16A0090B284 /* JackpotTests */,
				588561601A27E1690090B284 /* Products */,
			);
			sourceTree = "<group>";
		};
		588561601A27E1690090B284 /* Products */ = {
			isa = PBXGroup;
			children = (
				5885615F1A27E1690090B284 /* Jackpot.app */,
				588561781A27E16A0090B284 /* JackpotTests.xctest */,
			);
			name = Products;
			sourceTree = "<group>";
		};
		588561611A27E1690090B284 /* Jackpot */ = {
			isa = PBXGroup;
			children = (
				588561661A27E16A0090B284 /* AppDelegate.h */,
				588561671A27E16A0090B284 /* AppDelegate.m */,
				5885616C1A27E16A0090B284 /* Main.storyboard */,
				588561921A27E24F0090B284 /* Controller */,
				5885618B1A27E20E0090B284 /* Scene */,
				5885619A1A27E5950090B284 /* Other */,
				5885616F1A27E16A0090B284 /* Images.xcassets */,
				588561711A27E16A0090B284 /* LaunchScreen.xib */,
				588561621A27E1690090B284 /* Supporting Files */,
			);
			path = Jackpot;
			sourceTree = "<group>";
		};
		588561621A27E1690090B284 /* Supporting Files */ = {
			isa = PBXGroup;
			children = (
				588561631A27E16A0090B284 /* Info.plist */,
				588561641A27E16A0090B284 /* main.m */,
			);
			name = "Supporting Files";
			sourceTree = "<group>";
		};
		5885617B1A27E16A0090B284 /* JackpotTests */ = {
			isa = PBXGroup;
			children = (
				5885617E1A27E16A0090B284 /* JackpotTests.m */,
				5885617C1A27E16A0090B284 /* Supporting Files */,
			);
			path = JackpotTests;
			sourceTree = "<group>";
		};
		5885617C1A27E16A0090B284 /* Supporting Files */ = {
			isa = PBXGroup;
			children = (
				5885617D1A27E16A0090B284 /* Info.plist */,
			);
			name = "Supporting Files";
			sourceTree = "<group>";
		};
		5885618B1A27E20E0090B284 /* Scene */ = {
			isa = PBXGroup;
			children = (
				588561881A27E1D50090B284 /* MyScene.h */,
				588561891A27E1D50090B284 /* MyScene.m */,
			);
			name = Scene;
			sourceTree = "<group>";
		};
		588561921A27E24F0090B284 /* Controller */ = {
			isa = PBXGroup;
			children = (
				5885618F1A27E2410090B284 /* BaseViewController.h */,
				588561901A27E2410090B284 /* BaseViewController.m */,
				588561961A27E2730090B284 /* Main */,
			);
			name = Controller;
			sourceTree = "<group>";
		};
		588561961A27E2730090B284 /* Main */ = {
			isa = PBXGroup;
			children = (
				588561931A27E26C0090B284 /* MainViewController.h */,
				588561941A27E26C0090B284 /* MainViewController.m */,
			);
			name = Main;
			sourceTree = "<group>";
		};
		5885619A1A27E5950090B284 /* Other */ = {
			isa = PBXGroup;
			children = (
				588561971A27E5820090B284 /* Utils.h */,
				588561981A27E5820090B284 /* Utils.m */,
				5885619B1A27E5B90090B284 /* Constant.h */,
				5885619C1A27E5B90090B284 /* Constant.m */,
			);
			name = Other;
			sourceTree = "<group>";
		};
/* End PBXGroup section */

/* Begin PBXNativeTarget section */
		5885615E1A27E1690090B284 /* Jackpot */ = {
			isa = PBXNativeTarget;
			buildConfigurationList = 588561821A27E16A0090B284 /* Build configuration list for PBXNativeTarget "Jackpot" */;
			buildPhases = (
				5885615B1A27E1690090B284 /* Sources */,
				5885615C1A27E1690090B284 /* Frameworks */,
				5885615D1A27E1690090B284 /* Resources */,
			);
			buildRules = (
			);
			dependencies = (
			);
			name = Jackpot;
			productName = Jackpot;
			productReference = 5885615F1A27E1690090B284 /* Jackpot.app */;
			productType = "com.apple.product-type.application";
		};
		588561771A27E16A0090B284 /* JackpotTests */ = {
			isa = PBXNativeTarget;
			buildConfigurationList = 588561851A27E16A0090B284 /* Build configuration list for PBXNativeTarget "JackpotTests" */;
			buildPhases = (
				588561741A27E16A0090B284 /* Sources */,
				588561751A27E16A0090B284 /* Frameworks */,
				588561761A27E16A0090B284 /* Resources */,
			);
			buildRules = (
			);
			dependencies = (
				5885617A1A27E16A0090B284 /* PBXTargetDependency */,
			);
			name = JackpotTests;
			productName = JackpotTests;
			productReference = 588561781A27E16A0090B284 /* JackpotTests.xctest */;
			productType = "com.apple.product-type.bundle.unit-test";
		};
/* End PBXNativeTarget section */

/* Begin PBXProject section */
		588561571A27E1690090B284 /* Project object */ = {
			isa = PBXProject;
			attributes = {
				LastUpgradeCheck = 0610;
				ORGANIZATIONNAME = "Lê Công";
				TargetAttributes = {
					5885615E1A27E1690090B284 = {
						CreatedOnToolsVersion = 6.1;
					};
					588561771A27E16A0090B284 = {
						CreatedOnToolsVersion = 6.1;
						TestTargetID = 5885615E1A27E1690090B284;
					};
				};
			};
			buildConfigurationList = 5885615A1A27E1690090B284 /* Build configuration list for PBXProject "Jackpot" */;
			compatibilityVersion = "Xcode 3.2";
			developmentRegion = English;
			hasScannedForEncodings = 0;
			knownRegions = (
				en,
				Base,
			);
			mainGroup = 588561561A27E1690090B284;
			productRefGroup = 588561601A27E1690090B284 /* Products */;
			projectDirPath = "";
			projectRoot = "";
			targets = (
				5885615E1A27E1690090B284 /* Jackpot */,
				588561771A27E16A0090B284 /* JackpotTests */,
			);
		};
/* End PBXProject section */

/* Begin PBXResourcesBuildPhase section */
		5885615D1A27E1690090B284 /* Resources */ = {
			isa = PBXResourcesBuildPhase;
			buildActionMask = 2147483647;
			files = (
				5885616E1A27E16A0090B284 /* Main.storyboard in Resources */,
				588561731A27E16A0090B284 /* LaunchScreen.xib in Resources */,
				588561701A27E16A0090B284 /* Images.xcassets in Resources */,
			);
			runOnlyForDeploymentPostprocessing = 0;
		};
		588561761A27E16A0090B284 /* Resources */ = {
			isa = PBXResourcesBuildPhase;
			buildActionMask = 2147483647;
			files = (
			);
			runOnlyForDeploymentPostprocessing = 0;
		};
/* End PBXResourcesBuildPhase section */

/* Begin PBXSourcesBuildPhase section */
		5885615B1A27E1690090B284 /* Sources */ = {
			isa = PBXSourcesBuildPhase;
			buildActionMask = 2147483647;
			files = (
				5885618A1A27E1D50090B284 /* MyScene.m in Sources */,
				588561911A27E2410090B284 /* BaseViewController.m in Sources */,
				5885619D1A27E5B90090B284 /* Constant.m in Sources */,
				588561681A27E16A0090B284 /* AppDelegate.m in Sources */,
				588561991A27E5820090B284 /* Utils.m in Sources */,
				588561951A27E26C0090B284 /* MainViewController.m in Sources */,
				588561651A27E16A0090B284 /* main.m in Sources */,
			);
			runOnlyForDeploymentPostprocessing = 0;
		};
		588561741A27E16A0090B284 /* Sources */ = {
			isa = PBXSourcesBuildPhase;
			buildActionMask = 2147483647;
			files = (
				5885617F1A27E16A0090B284 /* JackpotTests.m in Sources */,
			);
			runOnlyForDeploymentPostprocessing = 0;
		};
/* End PBXSourcesBuildPhase section */

/* Begin PBXTargetDependency section */
		5885617A1A27E16A0090B284 /* PBXTargetDependency */ = {
			isa = PBXTargetDependency;
			target = 5885615E1A27E1690090B284 /* Jackpot */;
			targetProxy = 588561791A27E16A0090B284 /* PBXContainerItemProxy */;
		};
/* End PBXTargetDependency section */

/* Begin PBXVariantGroup section */
		5885616C1A27E16A0090B284 /* Main.storyboard */ = {
			isa = PBXVariantGroup;
			children = (
				5885616D1A27E16A0090B284 /* Base */,
			);
			name = Main.storyboard;
			sourceTree = "<group>";
		};
		588561711A27E16A0090B284 /* LaunchScreen.xib */ = {
			isa = PBXVariantGroup;
			children = (
				588561721A27E16A0090B284 /* Base */,
			);
			name = LaunchScreen.xib;
			sourceTree = "<group>";
		};
/* End PBXVariantGroup section */

/* Begin XCBuildConfiguration section */
		588561801A27E16A0090B284 /* Debug */ = {
			isa = XCBuildConfiguration;
			buildSettings = {
				ALWAYS_SEARCH_USER_PATHS = NO;
				CLANG_CXX_LANGUAGE_STANDARD = "gnu++0x";
				CLANG_CXX_LIBRARY = "libc++";
				CLANG_ENABLE_MODULES = YES;
				CLANG_ENABLE_OBJC_ARC = YES;
				CLANG_WARN_BOOL_CONVERSION = YES;
				CLANG_WARN_CONSTANT_CONVERSION = YES;
				CLANG_WARN_DIRECT_OBJC_ISA_USAGE = YES_ERROR;
				CLANG_WARN_EMPTY_BODY = YES;
				CLANG_WARN_ENUM_CONVERSION = YES;
				CLANG_WARN_INT_CONVERSION = YES;
				CLANG_WARN_OBJC_ROOT_CLASS = YES_ERROR;
				CLANG_WARN_UNREACHABLE_CODE = YES;
				CLANG_WARN__DUPLICATE_METHOD_MATCH = YES;
				"CODE_SIGN_IDENTITY[sdk=iphoneos*]" = "iPhone Developer";
				COPY_PHASE_STRIP = NO;
				ENABLE_STRICT_OBJC_MSGSEND = YES;
				GCC_C_LANGUAGE_STANDARD = gnu99;
				GCC_DYNAMIC_NO_PIC = NO;
				GCC_OPTIMIZATION_LEVEL = 0;
				GCC_PREPROCESSOR_DEFINITIONS = (
					"DEBUG=1",
					"$(inherited)",
				);
				GCC_SYMBOLS_PRIVATE_EXTERN = NO;
				GCC_WARN_64_TO_32_BIT_CONVERSION = YES;
				GCC_WARN_ABOUT_RETURN_TYPE = YES_ERROR;
				GCC_WARN_UNDECLARED_SELECTOR = YES;
				GCC_WARN_UNINITIALIZED_AUTOS = YES_AGGRESSIVE;
				GCC_WARN_UNUSED_FUNCTION = YES;
				GCC_WARN_UNUSED_VARIABLE = YES;
				IPHONEOS_DEPLOYMENT_TARGET = 8.0;
				MTL_ENABLE_DEBUG_INFO = YES;
				ONLY_ACTIVE_ARCH = YES;
				SDKROOT = iphoneos;
			};
			name = Debug;
		};
		588561811A27E16A0090B284 /* Release */ = {
			isa = XCBuildConfiguration;
			buildSettings = {
				ALWAYS_SEARCH_USER_PATHS = NO;
				CLANG_CXX_LANGUAGE_STANDARD = "gnu++0x";
				CLANG_CXX_LIBRARY = "libc++";
				CLANG_ENABLE_MODULES = YES;
				CLANG_ENABLE_OBJC_ARC = YES;
				CLANG_WARN_BOOL_CONVERSION = YES;
				CLANG_WARN_CONSTANT_CONVERSION = YES;
				CLANG_WARN_DIRECT_OBJC_ISA_USAGE = YES_ERROR;
				CLANG_WARN_EMPTY_BODY = YES;
				CLANG_WARN_ENUM_CONVERSION = YES;
				CLANG_WARN_INT_CONVERSION = YES;
				CLANG_WARN_OBJC_ROOT_CLASS = YES_ERROR;
				CLANG_WARN_UNREACHABLE_CODE = YES;
				CLANG_WARN__DUPLICATE_METHOD_MATCH = YES;
				"CODE_SIGN_IDENTITY[sdk=iphoneos*]" = "iPhone Developer";
				COPY_PHASE_STRIP = YES;
				ENABLE_NS_ASSERTIONS = NO;
				ENABLE_STRICT_OBJC_MSGSEND = YES;
				GCC_C_LANGUAGE_STANDARD = gnu99;
				GCC_WARN_64_TO_32_BIT_CONVERSION = YES;
				GCC_WARN_ABOUT_RETURN_TYPE = YES_ERROR;
				GCC_WARN_UNDECLARED_SELECTOR = YES;
				GCC_WARN_UNINITIALIZED_AUTOS = YES_AGGRESSIVE;
				GCC_WARN_UNUSED_FUNCTION = YES;
				GCC_WARN_UNUSED_VARIABLE = YES;
				IPHONEOS_DEPLOYMENT_TARGET = 8.0;
				MTL_ENABLE_DEBUG_INFO = NO;
				SDKROOT = iphoneos;
				VALIDATE_PRODUCT = YES;
			};
			name = Release;
		};
		588561831A27E16A0090B284 /* Debug */ = {
			isa = XCBuildConfiguration;
			buildSettings = {
				ASSETCATALOG_COMPILER_APPICON_NAME = AppIcon;
				INFOPLIST_FILE = Jackpot/Info.plist;
				IPHONEOS_DEPLOYMENT_TARGET = 7.0;
				LD_RUNPATH_SEARCH_PATHS = "$(inherited) @executable_path/Frameworks";
				PRODUCT_NAME = "$(TARGET_NAME)";
			};
			name = Debug;
		};
		588561841A27E16A0090B284 /* Release */ = {
			isa = XCBuildConfiguration;
			buildSettings = {
				ASSETCATALOG_COMPILER_APPICON_NAME = AppIcon;
				INFOPLIST_FILE = Jackpot/Info.plist;
				IPHONEOS_DEPLOYMENT_TARGET = 7.0;
				LD_RUNPATH_SEARCH_PATHS = "$(inherited) @executable_path/Frameworks";
				PRODUCT_NAME = "$(TARGET_NAME)";
			};
			name = Release;
		};
		588561861A27E16A0090B284 /* Debug */ = {
			isa = XCBuildConfiguration;
			buildSettings = {
				BUNDLE_LOADER = "$(TEST_HOST)";
				FRAMEWORK_SEARCH_PATHS = (
					"$(SDKROOT)/Developer/Library/Frameworks",
					"$(inherited)",
				);
				GCC_PREPROCESSOR_DEFINITIONS = (
					"DEBUG=1",
					"$(inherited)",
				);
				INFOPLIST_FILE = JackpotTests/Info.plist;
				LD_RUNPATH_SEARCH_PATHS = "$(inherited) @executable_path/Frameworks @loader_path/Frameworks";
				PRODUCT_NAME = "$(TARGET_NAME)";
				TEST_HOST = "$(BUILT_PRODUCTS_DIR)/Jackpot.app/Jackpot";
			};
			name = Debug;
		};
		588561871A27E16A0090B284 /* Release */ = {
			isa = XCBuildConfiguration;
			buildSettings = {
				BUNDLE_LOADER = "$(TEST_HOST)";
				FRAMEWORK_SEARCH_PATHS = (
					"$(SDKROOT)/Developer/Library/Frameworks",
					"$(inherited)",
				);
				INFOPLIST_FILE = JackpotTests/Info.plist;
				LD_RUNPATH_SEARCH_PATHS = "$(inherited) @executable_path/Frameworks @loader_path/Frameworks";
				PRODUCT_NAME = "$(TARGET_NAME)";
				TEST_HOST = "$(BUILT_PRODUCTS_DIR)/Jackpot.app/Jackpot";
			};
			name = Release;
		};
/* End XCBuildConfiguration section */

/* Begin XCConfigurationList section */
		5885615A1A27E1690090B284 /* Build configuration list for PBXProject "Jackpot" */ = {
			isa = XCConfigurationList;
			buildConfigurations = (
				588561801A27E16A0090B284 /* Debug */,
				588561811A27E16A0090B284 /* Release */,
			);
			defaultConfigurationIsVisible = 0;
			defaultConfigurationName = Release;
		};
		588561821A27E16A0090B284 /* Build configuration list for PBXNativeTarget "Jackpot" */ = {
			isa = XCConfigurationList;
			buildConfigurations = (
				588561831A27E16A0090B284 /* Debug */,
				588561841A27E16A0090B284 /* Release */,
			);
			defaultConfigurationIsVisible = 0;
		};
		588561851A27E16A0090B284 /* Build configuration list for PBXNativeTarget "JackpotTests" */ = {
			isa = XCConfigurationList;
			buildConfigurations = (
				588561861A27E16A0090B284 /* Debug */,
				588561871A27E16A0090B284 /* Release */,
			);
			defaultConfigurationIsVisible = 0;
		};
/* End XCConfigurationList section */
	};
	rootObject = 588561571A27E1690090B284 /* Project object */;
}
